
Microsoft Visual Studio Solution File, Format Version 12.00
# Visual Studio Version 16
VisualStudioVersion = 16.0.30225.117
MinimumVisualStudioVersion = 10.0.40219.1
Project("{FAE04EC0-301F-11D3-BF4B-00C04F79EFBC}") = "NgAdminAntUI", "NgAdminAntUI.csproj", "{89F6C437-A549-4F57-9D46-6ABF338D7B4F}"
EndProject
Global
	GlobalSection(SolutionConfigurationPlatforms) = preSolution
		Debug|Any CPU = Debug|Any CPU
		Release|Any CPU = Release|Any CPU
	EndGlobalSection
	GlobalSection(ProjectConfigurationPlatforms) = postSolution
		{89F6C437-A549-4F57-9D46-6ABF338D7B4F}.Debug|Any CPU.ActiveCfg = Debug|Any CPU
		{89F6C437-A549-4F57-9D46-6ABF338D7B4F}.Debug|Any CPU.Build.0 = Debug|Any CPU
		{89F6C437-A549-4F57-9D46-6ABF338D7B4F}.Release|Any CPU.ActiveCfg = Release|Any CPU
		{89F6C437-A549-4F57-9D46-6ABF338D7B4F}.Release|Any CPU.Build.0 = Release|Any CPU
	EndGlobalSection
	GlobalSection(SolutionProperties) = preSolution
		HideSolutionNode = FALSE
	EndGlobalSection
	GlobalSection(ExtensibilityGlobals) = postSolution
		SolutionGuid = {332C5C65-014B-43E1-AEFF-0FF6704DCB1D}
	EndGlobalSection
EndGlobal
